lockfileVersion: 5.4

importers:

  .:
    specifiers: {}

  packages/bun:
    specifiers:
      '@effect-http/core': ^0.3.0
      '@effect/io': ~0.1.4
      '@fp-ts/core': ^0.1.1
      '@fp-ts/data': ~0.1.1
      '@tsplus-types/effect__io': 0.1.4-4e9791d
      '@tsplus-types/fp-ts__core': 0.1.1-4e9791d
      '@tsplus-types/fp-ts__data': 0.1.1-4e9791d
      bun-types: ^0.5.0
      prettier: ^2.8.3
      typescript: https://cdn.jsdelivr.net/npm/@tsplus/installer@0.0.168/compiler/typescript.tgz
    dependencies:
      '@effect-http/core': link:../core
      '@effect/io': 0.1.4
      '@fp-ts/core': 0.1.1
      '@fp-ts/data': 0.1.1
    devDependencies:
      '@tsplus-types/effect__io': 0.1.4-4e9791d_@effect+io@0.1.4
      '@tsplus-types/fp-ts__core': 0.1.1-4e9791d_@fp-ts+core@0.1.1
      '@tsplus-types/fp-ts__data': 0.1.1-4e9791d_@fp-ts+data@0.1.1
      bun-types: 0.5.0
      prettier: 2.8.3
      typescript: '@cdn.jsdelivr.net/npm/@tsplus/installer@0.0.168/compiler/typescript.tgz'

  packages/core:
    specifiers:
      '@effect/io': ~0.1.6
      '@effect/stream': ~0.1.0
      '@fp-ts/core': ^0.1.1
      '@fp-ts/data': ~0.1.1
      '@fp-ts/schema': ^0.1.3
      '@tsplus-types/effect__io': 0.1.6-af168bc
      '@tsplus-types/effect__stream': 0.1.0-af168bc
      '@tsplus-types/fp-ts__core': 0.1.1-af168bc
      '@tsplus-types/fp-ts__data': 0.1.1-af168bc
      '@tsplus-types/fp-ts__schema': 0.1.3-af168bc
      '@types/mime-types': ^2.1.1
      '@types/node': ^18.11.18
      '@types/range-parser': ^1.2.4
      '@types/route-parser': ^0.1.4
      find-my-way: ^7.4.0
      mime-types: ^2.1.35
      prettier: ^2.8.3
      range-parser: ^1.2.1
      typescript: https://cdn.jsdelivr.net/npm/@tsplus/installer@0.0.168/compiler/typescript.tgz
    dependencies:
      '@effect/io': 0.1.6
      '@effect/stream': 0.1.0
      '@fp-ts/core': 0.1.1
      '@fp-ts/data': 0.1.1
      '@fp-ts/schema': 0.1.3
      '@types/route-parser': 0.1.4
      find-my-way: 7.4.0
      mime-types: 2.1.35
      range-parser: 1.2.1
    devDependencies:
      '@tsplus-types/effect__io': 0.1.6-af168bc_@effect+io@0.1.6
      '@tsplus-types/effect__stream': 0.1.0-af168bc_@effect+stream@0.1.0
      '@tsplus-types/fp-ts__core': 0.1.1-af168bc_@fp-ts+core@0.1.1
      '@tsplus-types/fp-ts__data': 0.1.1-af168bc_@fp-ts+data@0.1.1
      '@tsplus-types/fp-ts__schema': 0.1.3-af168bc_@fp-ts+schema@0.1.3
      '@types/mime-types': 2.1.1
      '@types/node': 18.11.18
      '@types/range-parser': 1.2.4
      prettier: 2.8.3
      typescript: '@cdn.jsdelivr.net/npm/@tsplus/installer@0.0.168/compiler/typescript.tgz'

  packages/node:
    specifiers:
      '@effect-http/core': ^0.3.0
      '@effect/io': ~0.1.6
      '@effect/stream': ^0.1.0
      '@fp-ts/core': ^0.1.1
      '@fp-ts/data': ~0.1.1
      '@tsplus-types/effect__io': 0.1.6-af168bc
      '@tsplus-types/effect__stream': 0.1.0-af168bc
      '@tsplus-types/fp-ts__core': 0.1.1-af168bc
      '@tsplus-types/fp-ts__data': 0.1.1-af168bc
      '@types/busboy': ^1.5.0
      '@types/node': ^18.11.18
      busboy: ^1.6.0
      prettier: ^2.8.3
      raw-body: ^2.5.1
      typescript: https://cdn.jsdelivr.net/npm/@tsplus/installer@0.0.168/compiler/typescript.tgz
    dependencies:
      '@effect-http/core': link:../core
      '@effect/io': 0.1.6
      '@effect/stream': 0.1.0
      '@fp-ts/core': 0.1.1
      '@fp-ts/data': 0.1.1
      '@types/busboy': 1.5.0
      busboy: 1.6.0
      raw-body: 2.5.1
    devDependencies:
      '@tsplus-types/effect__io': 0.1.6-af168bc_@effect+io@0.1.6
      '@tsplus-types/effect__stream': 0.1.0-af168bc_@effect+stream@0.1.0
      '@tsplus-types/fp-ts__core': 0.1.1-af168bc_@fp-ts+core@0.1.1
      '@tsplus-types/fp-ts__data': 0.1.1-af168bc_@fp-ts+data@0.1.1
      '@types/node': 18.11.18
      prettier: 2.8.3
      typescript: '@cdn.jsdelivr.net/npm/@tsplus/installer@0.0.168/compiler/typescript.tgz'

packages:

  /@effect/io/0.1.4:
    resolution: {integrity: sha512-O0hk0cqiSR0ZEA3s4PXEGY0bKTZdtSCNpC79JaGkXuzN+/f1iUi943By7cvf/2MB002wortmG69tGuGQIG9HgA==}
    dependencies:
      '@fp-ts/core': 0.1.1
      '@fp-ts/data': 0.1.1

  /@effect/io/0.1.6:
    resolution: {integrity: sha512-y3TM9hv4geV9BfMfVWfbTpRZi9g8ASq8jk4yWZ5ZohgQUS06NLZd3oUGmwR6SUgkVPCOoULQB3S9Fp+cXXwF4w==}
    dependencies:
      '@fp-ts/core': 0.1.1
      '@fp-ts/data': 0.1.1
      typescript: 4.9.5

  /@effect/stream/0.1.0:
    resolution: {integrity: sha512-GeJNY5WKV6h/aLynZpJTR/xmvTD1JQq8hk9bt+Z2OxHLwyBZ+YSQetA9YsxQsZGLUZl+h1twSdkI0n7d0mx3Lw==}
    dependencies:
      '@effect/io': 0.1.6
      '@fp-ts/core': 0.1.1
      '@fp-ts/data': 0.1.1

  /@fp-ts/core/0.1.1:
    resolution: {integrity: sha512-7vQnrnvJAMrXgIwt0qQNhXkPDtm4l8vwql8EvXeY47v/FwnWpDvt1HISoO9Kq3am5SZ0A8Av+4NqPab2FRdKxw==}

  /@fp-ts/data/0.1.1:
    resolution: {integrity: sha512-hgsoSDKP01kGY+g/Ino+QX3VEqiPnf0mrhKujMajT4ma0w82i4u0nMEPbBykyMxscQirFemwl7CnWn7G3TadcA==}
    dependencies:
      '@fp-ts/core': 0.1.1

  /@fp-ts/schema/0.1.3:
    resolution: {integrity: sha512-rdyqwodZPqbY96mAUg3cAEKK7WsJ3JqZWDfBShSoPvxwB+fnFw1Rjhg3tsTpBhBN1oGlSHatIRJQ+QcoaAU+uA==}
    dependencies:
      '@fp-ts/core': 0.1.1
      '@fp-ts/data': 0.1.1
      fast-check: 3.6.2

  /@tsplus-types/effect__io/0.1.4-4e9791d_@effect+io@0.1.4:
    resolution: {integrity: sha512-Ku1qrvPtUoTUr1+Kp0tb9IZIb3ROIA9IJ6EFVks9+zknwBot3e3U6ntCDMF08G5L45jLKIjvEXSL5aziriMrxQ==}
    peerDependencies:
      '@effect/io': 0.1.4
    dependencies:
      '@effect/io': 0.1.4
    dev: true

  /@tsplus-types/effect__io/0.1.6-af168bc_@effect+io@0.1.6:
    resolution: {integrity: sha512-Z5Vq2LFoImbqO56IjOJFPx+fblfgpERUnXco08EpWVsN4KpTMVZie4GbwSuDNnCM0bsxuQg9GZjjbU4Wcvdz5g==}
    peerDependencies:
      '@effect/io': 0.1.6
    dependencies:
      '@effect/io': 0.1.6
    dev: true

  /@tsplus-types/effect__stream/0.1.0-af168bc_@effect+stream@0.1.0:
    resolution: {integrity: sha512-8p3gIY/BYZQcQONDLv7tL1CwK2TjHazPxtUy4VBwNSbi0fkGwL/ZMlOOR6hvJjxo1jJVsyM04Ped84WbvOZr/A==}
    peerDependencies:
      '@effect/stream': 0.1.0
    dependencies:
      '@effect/stream': 0.1.0
    dev: true

  /@tsplus-types/fp-ts__core/0.1.1-4e9791d_@fp-ts+core@0.1.1:
    resolution: {integrity: sha512-wU7jH9SukYRpgnt51jHFnKL+SNdjr3JNo0pHe5syhYypYJYoya9YT0jAXZp4xaVWQlEh/78NIIANnEGmwObR1A==}
    peerDependencies:
      '@fp-ts/core': 0.1.1
    dependencies:
      '@fp-ts/core': 0.1.1
    dev: true

  /@tsplus-types/fp-ts__core/0.1.1-af168bc_@fp-ts+core@0.1.1:
    resolution: {integrity: sha512-1wO6pR3lPVC+mdjXKKhNCECHt9Pmdek6Br0gSmCR4rTZTy8HK68f27LhCfx3qS1lIBXJNc69uRJOkuSyft/+5g==}
    peerDependencies:
      '@fp-ts/core': 0.1.1
    dependencies:
      '@fp-ts/core': 0.1.1
    dev: true

  /@tsplus-types/fp-ts__data/0.1.1-4e9791d_@fp-ts+data@0.1.1:
    resolution: {integrity: sha512-HQMJSm5K7rMoUPuk4JJ8GopcfHbyftBV9P6bdwMx/234q9cpk8LYrV16P9gJQcSGhtSNHMlm1Hh6GQJZHkTSLw==}
    peerDependencies:
      '@fp-ts/data': 0.1.1
    dependencies:
      '@fp-ts/data': 0.1.1
    dev: true

  /@tsplus-types/fp-ts__data/0.1.1-af168bc_@fp-ts+data@0.1.1:
    resolution: {integrity: sha512-FpdPAGbL92jYw7PLrtAq68KO/W/0StwE1dy2wqE5L+yhLMcMctw5ZQHjX/pS2K4OqH78OrJhNrcDqeVEhlq+aQ==}
    peerDependencies:
      '@fp-ts/data': 0.1.1
    dependencies:
      '@fp-ts/data': 0.1.1
    dev: true

  /@tsplus-types/fp-ts__schema/0.1.3-af168bc_@fp-ts+schema@0.1.3:
    resolution: {integrity: sha512-hEDK7wNAgmx8PySnLiokxmRJsX7u203o/XZdi8Tra2SJ+ceHTiC/GJFe5v0g/X1kpthEcjHOM3yiKcMjjdMtyw==}
    peerDependencies:
      '@fp-ts/schema': 0.1.3
    dependencies:
      '@fp-ts/schema': 0.1.3
    dev: true

  /@types/busboy/1.5.0:
    resolution: {integrity: sha512-ncOOhwmyFDW76c/Tuvv9MA9VGYUCn8blzyWmzYELcNGDb0WXWLSmFi7hJq25YdRBYJrmMBB5jZZwUjlJe9HCjQ==}
    dependencies:
      '@types/node': 18.11.18
    dev: false

  /@types/mime-types/2.1.1:
    resolution: {integrity: sha512-vXOTGVSLR2jMw440moWTC7H19iUyLtP3Z1YTj7cSsubOICinjMxFeb/V57v9QdyyPGbbWolUFSSmSiRSn94tFw==}
    dev: true

  /@types/node/18.11.18:
    resolution: {integrity: sha512-DHQpWGjyQKSHj3ebjFI/wRKcqQcdR+MoFBygntYOZytCqNfkd2ZC4ARDJ2DQqhjH5p85Nnd3jhUJIXrszFX/JA==}

  /@types/range-parser/1.2.4:
    resolution: {integrity: sha512-EEhsLsD6UsDM1yFhAvy0Cjr6VwmpMWqFBCb9w07wVugF7w9nfajxLuVmngTIpgS6svCnm6Vaw+MZhoDCKnOfsw==}
    dev: true

  /@types/route-parser/0.1.4:
    resolution: {integrity: sha512-lwH3SeyKwCAwP7oUoJNryPDdbW3Bx5lrB6mhV5iebqzOJHIut6wlaSxpQR4Lsk6j7wC08pGenr/xE8I/A4J3Fg==}
    dev: false

  /bun-types/0.5.0:
    resolution: {integrity: sha512-W74XkTKdOP2HV1PbzL7k6+8TZlcJyj1IuD7y9wX2SiHIaVjlqVwM9fXgsCvTlQQqkkkyZxSPSDFF10J6qml2eA==}
    dev: true

  /busboy/1.6.0:
    resolution: {integrity: sha512-8SFQbg/0hQ9xy3UNTB0YEnsNBbWfhf7RtnzpL7TkBiTBRfrQ9Fxcnz7VJsleJpyp6rVLvXiuORqjlHi5q+PYuA==}
    engines: {node: '>=10.16.0'}
    dependencies:
      streamsearch: 1.1.0
    dev: false

  /bytes/3.1.2:
    resolution: {integrity: sha512-/Nf7TyzTx6S3yRJObOAV7956r8cr2+Oj8AC5dt8wSP3BQAoeX58NoHyCU8P8zGkNXStjTSi6fzO6F0pBdcYbEg==}
    engines: {node: '>= 0.8'}
    dev: false

  /depd/2.0.0:
    resolution: {integrity: sha512-g7nH6P6dyDioJogAAGprGpCtVImJhpPk/roCzdb3fIh61/s/nPsfR6onyMwkCAR/OlC3yBC0lESvUoQEAssIrw==}
    engines: {node: '>= 0.8'}
    dev: false

  /fast-check/3.6.2:
    resolution: {integrity: sha512-htRkbkw8B1yVfvrLNiJTnpcvpXrdcgpwZUQdC07dsiUGXaHHWK38t6VCnTmAUf68atyos1+XXXY60VUbSgorAQ==}
    engines: {node: '>=8.0.0'}
    dependencies:
      pure-rand: 6.0.0

  /fast-decode-uri-component/1.0.1:
    resolution: {integrity: sha512-WKgKWg5eUxvRZGwW8FvfbaH7AXSh2cL+3j5fMGzUMCxWBJ3dV3a7Wz8y2f/uQ0e3B6WmodD3oS54jTQ9HVTIIg==}
    dev: false

  /fast-deep-equal/3.1.3:
    resolution: {integrity: sha512-f3qQ9oQy9j2AhBe/H9VC91wLmKBCCU/gDOnKNAYG5hswO7BLKj09Hc5HYNz9cGI++xlpDCIgDaitVs03ATR84Q==}
    dev: false

  /fast-querystring/1.1.0:
    resolution: {integrity: sha512-LWkjBCZlxjnSanuPpZ6mHswjy8hQv3VcPJsQB3ltUF2zjvrycr0leP3TSTEEfvQ1WEMSRl5YNsGqaft9bjLqEw==}
    dependencies:
      fast-decode-uri-component: 1.0.1
    dev: false

  /find-my-way/7.4.0:
    resolution: {integrity: sha512-JFT7eURLU5FumlZ3VBGnveId82cZz7UR7OUu+THQJOwdQXxmS/g8v0KLoFhv97HreycOrmAbqjXD/4VG2j0uMQ==}
    engines: {node: '>=14'}
    dependencies:
      fast-deep-equal: 3.1.3
      fast-querystring: 1.1.0
      safe-regex2: 2.0.0
    dev: false

  /http-errors/2.0.0:
    resolution: {integrity: sha512-FtwrG/euBzaEjYeRqOgly7G0qviiXoJWnvEH2Z1plBdXgbyjv34pHTSb9zoeHMyDy33+DWy5Wt9Wo+TURtOYSQ==}
    engines: {node: '>= 0.8'}
    dependencies:
      depd: 2.0.0
      inherits: 2.0.4
      setprototypeof: 1.2.0
      statuses: 2.0.1
      toidentifier: 1.0.1
    dev: false

  /iconv-lite/0.4.24:
    resolution: {integrity: sha512-v3MXnZAcvnywkTUEZomIActle7RXXeedOR31wwl7VlyoXO4Qi9arvSenNQWne1TcRwhCL1HwLI21bEqdpj8/rA==}
    engines: {node: '>=0.10.0'}
    dependencies:
      safer-buffer: 2.1.2
    dev: false

  /inherits/2.0.4:
    resolution: {integrity: sha512-k/vGaX4/Yla3WzyMCvTQOXYeIHvqOKtnqBduzTHpzpQZzAskKMhZ2K+EnBiSM9zGSoIFeMpXKxa4dYeZIQqewQ==}
    dev: false

  /mime-db/1.52.0:
    resolution: {integrity: sha512-sPU4uV7dYlvtWJxwwxHD0PuihVNiE7TyAbQ5SWxDCB9mUYvOgroQOwYQQOKPJ8CIbE+1ETVlOoK1UC2nU3gYvg==}
    engines: {node: '>= 0.6'}
    dev: false

  /mime-types/2.1.35:
    resolution: {integrity: sha512-ZDY+bPm5zTTF+YpCrAU9nK0UgICYPT0QtT1NZWFv4s++TNkcgVaT0g6+4R2uI4MjQjzysHB1zxuWL50hzaeXiw==}
    engines: {node: '>= 0.6'}
    dependencies:
      mime-db: 1.52.0
    dev: false

  /prettier/2.8.3:
    resolution: {integrity: sha512-tJ/oJ4amDihPoufT5sM0Z1SKEuKay8LfVAMlbbhnnkvt6BUserZylqo2PN+p9KeljLr0OHa2rXHU1T8reeoTrw==}
    engines: {node: '>=10.13.0'}
    hasBin: true
    dev: true

  /pure-rand/6.0.0:
    resolution: {integrity: sha512-rLSBxJjP+4DQOgcJAx6RZHT2he2pkhQdSnofG5VWyVl6GRq/K02ISOuOLcsMOrtKDIJb8JN2zm3FFzWNbezdPw==}

  /range-parser/1.2.1:
    resolution: {integrity: sha512-Hrgsx+orqoygnmhFbKaHE6c296J+HTAQXoxEF6gNupROmmGJRoyzfG3ccAveqCBrwr/2yxQ5BVd/GTl5agOwSg==}
    engines: {node: '>= 0.6'}
    dev: false

  /raw-body/2.5.1:
    resolution: {integrity: sha512-qqJBtEyVgS0ZmPGdCFPWJ3FreoqvG4MVQln/kCgF7Olq95IbOp0/BWyMwbdtn4VTvkM8Y7khCQ2Xgk/tcrCXig==}
    engines: {node: '>= 0.8'}
    dependencies:
      bytes: 3.1.2
      http-errors: 2.0.0
      iconv-lite: 0.4.24
      unpipe: 1.0.0
    dev: false

  /ret/0.2.2:
    resolution: {integrity: sha512-M0b3YWQs7R3Z917WRQy1HHA7Ba7D8hvZg6UE5mLykJxQVE2ju0IXbGlaHPPlkY+WN7wFP+wUMXmBFA0aV6vYGQ==}
    engines: {node: '>=4'}
    dev: false

  /safe-regex2/2.0.0:
    resolution: {integrity: sha512-PaUSFsUaNNuKwkBijoAPHAK6/eM6VirvyPWlZ7BAQy4D+hCvh4B6lIG+nPdhbFfIbP+gTGBcrdsOaUs0F+ZBOQ==}
    dependencies:
      ret: 0.2.2
    dev: false

  /safer-buffer/2.1.2:
    resolution: {integrity: sha512-YZo3K82SD7Riyi0E1EQPojLz7kpepnSQI9IyPbHHg1XXXevb5dJI7tpyN2ADxGcQbHG7vcyRHk0cbwqcQriUtg==}
    dev: false

  /setprototypeof/1.2.0:
    resolution: {integrity: sha512-E5LDX7Wrp85Kil5bhZv46j8jOeboKq5JMmYM3gVGdGH8xFpPWXUMsNrlODCrkoxMEeNi/XZIwuRvY4XNwYMJpw==}
    dev: false

  /statuses/2.0.1:
    resolution: {integrity: sha512-RwNA9Z/7PrK06rYLIzFMlaF+l73iwpzsqRIFgbMLbTcLD6cOao82TaWefPXQvB2fOC4AjuYSEndS7N/mTCbkdQ==}
    engines: {node: '>= 0.8'}
    dev: false

  /streamsearch/1.1.0:
    resolution: {integrity: sha512-Mcc5wHehp9aXz1ax6bZUyY5afg9u2rv5cqQI3mRrYkGC8rW2hM02jWuwjtL++LS5qinSyhj2QfLyNsuc+VsExg==}
    engines: {node: '>=10.0.0'}
    dev: false

  /toidentifier/1.0.1:
    resolution: {integrity: sha512-o5sSPKEkg/DIQNmH43V0/uerLrpzVedkUh8tGNvaeXpfpuwjKenlSox/2O/BTlZUtEe+JG7s5YhEz608PlAHRA==}
    engines: {node: '>=0.6'}
    dev: false

  /typescript/4.9.5:
    resolution: {integrity: sha512-1FXk9E2Hm+QzZQ7z+McJiHL4NW1F2EzMu9Nq9i3zAaGqibafqYwCVU6WyWAuyQRRzOlxou8xZSyXLEN8oKj24g==}
    engines: {node: '>=4.2.0'}
    hasBin: true

  /unpipe/1.0.0:
    resolution: {integrity: sha512-pjy2bYhSsufwWlKwPc+l3cN7+wuJlK6uz0YdJEOlQDbl6jo/YlPi4mb8agUkVC8BF7V8NuzeyPNqRksA3hztKQ==}
    engines: {node: '>= 0.8'}
    dev: false

  '@cdn.jsdelivr.net/npm/@tsplus/installer@0.0.168/compiler/typescript.tgz':
    resolution: {tarball: https://cdn.jsdelivr.net/npm/@tsplus/installer@0.0.168/compiler/typescript.tgz}
    name: typescript
    version: 5.0.0-tsplus.20230128
    engines: {node: '>=4.2.0'}
    hasBin: true
    dev: true
